
Microsoft Visual Studio Solution File, Format Version 12.00
# Visual Studio 15
VisualStudioVersion = 15.0.28010.2046
MinimumVisualStudioVersion = 10.0.40219.1
Project("{FAE04EC0-301F-11D3-BF4B-00C04F79EFBC}") = "MinhaPrimeiraAppMVC", "MinhaPrimeiraAppMVC\MinhaPrimeiraAppMVC.csproj", "{82A36D6D-DFDD-44B2-8211-8705B61B740C}"
EndProject
Global
	GlobalSection(SolutionConfigurationPlatforms) = preSolution
		Debug|Any CPU = Debug|Any CPU
		Release|Any CPU = Release|Any CPU
	EndGlobalSection
	GlobalSection(ProjectConfigurationPlatforms) = postSolution
		{82A36D6D-DFDD-44B2-8211-8705B61B740C}.Debug|Any CPU.ActiveCfg = Debug|Any CPU
		{82A36D6D-DFDD-44B2-8211-8705B61B740C}.Debug|Any CPU.Build.0 = Debug|Any CPU
		{82A36D6D-DFDD-44B2-8211-8705B61B740C}.Release|Any CPU.ActiveCfg = Release|Any CPU
		{82A36D6D-DFDD-44B2-8211-8705B61B740C}.Release|Any CPU.Build.0 = Release|Any CPU
	EndGlobalSection
	GlobalSection(SolutionProperties) = preSolution
		HideSolutionNode = FALSE
	EndGlobalSection
	GlobalSection(ExtensibilityGlobals) = postSolution
		SolutionGuid = {306B3DE7-3E80-4A17-850F-0C82DD057EDD}
	EndGlobalSection
EndGlobal
