
Microsoft Visual Studio Solution File, Format Version 12.00
# Visual Studio 15
VisualStudioVersion = 15.0.26403.7
MinimumVisualStudioVersion = 10.0.40219.1
Project("{2150E333-8FDC-42A3-9474-1A3956D46DE8}") = "1 - Presentation", "1 - Presentation", "{E4E4028F-5989-4EB8-AFED-65E3D604E506}"
EndProject
Project("{2150E333-8FDC-42A3-9474-1A3956D46DE8}") = "2 - Services", "2 - Services", "{7FA91EE5-3BB7-40CD-A29A-861330DEF0DE}"
EndProject
Project("{2150E333-8FDC-42A3-9474-1A3956D46DE8}") = "3 - Application", "3 - Application", "{BABFEB1C-4B60-44D3-A266-CDB2ACE95399}"
EndProject
Project("{2150E333-8FDC-42A3-9474-1A3956D46DE8}") = "4 - Domain", "4 - Domain", "{6E2E2884-5B3E-4F3F-9E6B-AE0999697E8B}"
EndProject
Project("{2150E333-8FDC-42A3-9474-1A3956D46DE8}") = "5 - Infra", "5 - Infra", "{78AED091-0F5C-46E8-A2B3-8010758C835F}"
EndProject
Project("{2150E333-8FDC-42A3-9474-1A3956D46DE8}") = "5.1 - Data", "5.1 - Data", "{44D4BA4A-245C-475C-901C-486E54539483}"
EndProject
Project("{2150E333-8FDC-42A3-9474-1A3956D46DE8}") = "5.2 - CrossCutting", "5.2 - CrossCutting", "{45C64E09-68A6-46C8-A119-3F83FECFB7F8}"
EndProject
Project("{FAE04EC0-301F-11D3-BF4B-00C04F79EFBC}") = "EP.CursoMvc.Domain", "src\EP.CursoMvc.Domain\EP.CursoMvc.Domain.csproj", "{DECF5E79-F6CE-4974-AEDD-514A7B42D1B8}"
EndProject
Project("{FAE04EC0-301F-11D3-BF4B-00C04F79EFBC}") = "EP.CursoMvc.Infra.Data", "EP.CursoMvc.Infra.Data\EP.CursoMvc.Infra.Data.csproj", "{FE501B25-F38C-49A6-B780-498BDC35F7D0}"
EndProject
Project("{FAE04EC0-301F-11D3-BF4B-00C04F79EFBC}") = "EP.CursoMvc.UI.Sistema", "EP.CursoMvc.UI.Sistema\EP.CursoMvc.UI.Sistema.csproj", "{F9B67AB2-8BD9-49CF-B41D-0A10B7DE689C}"
EndProject
Project("{FAE04EC0-301F-11D3-BF4B-00C04F79EFBC}") = "EPCursoMvc.Application", "src\EPCursoMvc.Application\EPCursoMvc.Application.csproj", "{1CA301FE-D105-4780-BF83-BB313E588F34}"
EndProject
Project("{FAE04EC0-301F-11D3-BF4B-00C04F79EFBC}") = "EP.CursoMvc.Infra.CrossCutting.MvcFilters", "src\EP.CursoMvc.Infra.CrossCutting.MvcFilters\EP.CursoMvc.Infra.CrossCutting.MvcFilters.csproj", "{322199A3-8642-4C1D-B82C-9890A96FB822}"
EndProject
Project("{FAE04EC0-301F-11D3-BF4B-00C04F79EFBC}") = "EP.CursoMvc.Infra.CrossCutting.IoC", "src\EP.CursoMvc.Infra.CrossCutting.IoC\EP.CursoMvc.Infra.CrossCutting.IoC.csproj", "{B69B9940-F302-4567-9245-6531C6FF6EFA}"
EndProject
Project("{FAE04EC0-301F-11D3-BF4B-00C04F79EFBC}") = "EP.CurosMvc.Services.REST.ClienteAPI", "src\EP.CurosMvc.Services.REST.ClienteAPI\EP.CurosMvc.Services.REST.ClienteAPI.csproj", "{92E7EDAE-FBEE-436E-8B70-C830D4316DFC}"
EndProject
Project("{FAE04EC0-301F-11D3-BF4B-00C04F79EFBC}") = "EP.CursoMvc.Domain.Tests", "tests\EP.CursoMvc.Domain.Tests\EP.CursoMvc.Domain.Tests.csproj", "{47314E76-6B4F-4260-BD98-E9E6C7EE84FA}"
EndProject
Global
	GlobalSection(SolutionConfigurationPlatforms) = preSolution
		Debug|Any CPU = Debug|Any CPU
		Release|Any CPU = Release|Any CPU
	EndGlobalSection
	GlobalSection(ProjectConfigurationPlatforms) = postSolution
		{DECF5E79-F6CE-4974-AEDD-514A7B42D1B8}.Debug|Any CPU.ActiveCfg = Debug|Any CPU
		{DECF5E79-F6CE-4974-AEDD-514A7B42D1B8}.Debug|Any CPU.Build.0 = Debug|Any CPU
		{DECF5E79-F6CE-4974-AEDD-514A7B42D1B8}.Release|Any CPU.ActiveCfg = Release|Any CPU
		{DECF5E79-F6CE-4974-AEDD-514A7B42D1B8}.Release|Any CPU.Build.0 = Release|Any CPU
		{FE501B25-F38C-49A6-B780-498BDC35F7D0}.Debug|Any CPU.ActiveCfg = Debug|Any CPU
		{FE501B25-F38C-49A6-B780-498BDC35F7D0}.Debug|Any CPU.Build.0 = Debug|Any CPU
		{FE501B25-F38C-49A6-B780-498BDC35F7D0}.Release|Any CPU.ActiveCfg = Release|Any CPU
		{FE501B25-F38C-49A6-B780-498BDC35F7D0}.Release|Any CPU.Build.0 = Release|Any CPU
		{F9B67AB2-8BD9-49CF-B41D-0A10B7DE689C}.Debug|Any CPU.ActiveCfg = Debug|Any CPU
		{F9B67AB2-8BD9-49CF-B41D-0A10B7DE689C}.Debug|Any CPU.Build.0 = Debug|Any CPU
		{F9B67AB2-8BD9-49CF-B41D-0A10B7DE689C}.Release|Any CPU.ActiveCfg = Release|Any CPU
		{F9B67AB2-8BD9-49CF-B41D-0A10B7DE689C}.Release|Any CPU.Build.0 = Release|Any CPU
		{1CA301FE-D105-4780-BF83-BB313E588F34}.Debug|Any CPU.ActiveCfg = Debug|Any CPU
		{1CA301FE-D105-4780-BF83-BB313E588F34}.Debug|Any CPU.Build.0 = Debug|Any CPU
		{1CA301FE-D105-4780-BF83-BB313E588F34}.Release|Any CPU.ActiveCfg = Release|Any CPU
		{1CA301FE-D105-4780-BF83-BB313E588F34}.Release|Any CPU.Build.0 = Release|Any CPU
		{322199A3-8642-4C1D-B82C-9890A96FB822}.Debug|Any CPU.ActiveCfg = Debug|Any CPU
		{322199A3-8642-4C1D-B82C-9890A96FB822}.Debug|Any CPU.Build.0 = Debug|Any CPU
		{322199A3-8642-4C1D-B82C-9890A96FB822}.Release|Any CPU.ActiveCfg = Release|Any CPU
		{322199A3-8642-4C1D-B82C-9890A96FB822}.Release|Any CPU.Build.0 = Release|Any CPU
		{B69B9940-F302-4567-9245-6531C6FF6EFA}.Debug|Any CPU.ActiveCfg = Debug|Any CPU
		{B69B9940-F302-4567-9245-6531C6FF6EFA}.Debug|Any CPU.Build.0 = Debug|Any CPU
		{B69B9940-F302-4567-9245-6531C6FF6EFA}.Release|Any CPU.ActiveCfg = Release|Any CPU
		{B69B9940-F302-4567-9245-6531C6FF6EFA}.Release|Any CPU.Build.0 = Release|Any CPU
		{92E7EDAE-FBEE-436E-8B70-C830D4316DFC}.Debug|Any CPU.ActiveCfg = Debug|Any CPU
		{92E7EDAE-FBEE-436E-8B70-C830D4316DFC}.Debug|Any CPU.Build.0 = Debug|Any CPU
		{92E7EDAE-FBEE-436E-8B70-C830D4316DFC}.Release|Any CPU.ActiveCfg = Release|Any CPU
		{92E7EDAE-FBEE-436E-8B70-C830D4316DFC}.Release|Any CPU.Build.0 = Release|Any CPU
		{47314E76-6B4F-4260-BD98-E9E6C7EE84FA}.Debug|Any CPU.ActiveCfg = Debug|Any CPU
		{47314E76-6B4F-4260-BD98-E9E6C7EE84FA}.Debug|Any CPU.Build.0 = Debug|Any CPU
		{47314E76-6B4F-4260-BD98-E9E6C7EE84FA}.Release|Any CPU.ActiveCfg = Release|Any CPU
		{47314E76-6B4F-4260-BD98-E9E6C7EE84FA}.Release|Any CPU.Build.0 = Release|Any CPU
	EndGlobalSection
	GlobalSection(SolutionProperties) = preSolution
		HideSolutionNode = FALSE
	EndGlobalSection
	GlobalSection(NestedProjects) = preSolution
		{44D4BA4A-245C-475C-901C-486E54539483} = {78AED091-0F5C-46E8-A2B3-8010758C835F}
		{45C64E09-68A6-46C8-A119-3F83FECFB7F8} = {78AED091-0F5C-46E8-A2B3-8010758C835F}
		{DECF5E79-F6CE-4974-AEDD-514A7B42D1B8} = {6E2E2884-5B3E-4F3F-9E6B-AE0999697E8B}
		{FE501B25-F38C-49A6-B780-498BDC35F7D0} = {44D4BA4A-245C-475C-901C-486E54539483}
		{F9B67AB2-8BD9-49CF-B41D-0A10B7DE689C} = {E4E4028F-5989-4EB8-AFED-65E3D604E506}
		{1CA301FE-D105-4780-BF83-BB313E588F34} = {BABFEB1C-4B60-44D3-A266-CDB2ACE95399}
		{322199A3-8642-4C1D-B82C-9890A96FB822} = {45C64E09-68A6-46C8-A119-3F83FECFB7F8}
		{B69B9940-F302-4567-9245-6531C6FF6EFA} = {45C64E09-68A6-46C8-A119-3F83FECFB7F8}
		{92E7EDAE-FBEE-436E-8B70-C830D4316DFC} = {7FA91EE5-3BB7-40CD-A29A-861330DEF0DE}
		{47314E76-6B4F-4260-BD98-E9E6C7EE84FA} = {6E2E2884-5B3E-4F3F-9E6B-AE0999697E8B}
	EndGlobalSection
EndGlobal
